
Microsoft Visual Studio Solution File, Format Version 12.00
# Visual Studio Version 16
VisualStudioVersion = 16.0.30517.126
MinimumVisualStudioVersion = 10.0.40219.1
Project("{FAE04EC0-301F-11D3-BF4B-00C04F79EFBC}") = "sharpL3", "sharpL3.csproj", "{F16B8A87-30AA-4DAE-B422-8167675AE396}"
EndProject
Global
	GlobalSection(SolutionConfigurationPlatforms) = preSolution
		Debug|Any CPU = Debug|Any CPU
		Release|Any CPU = Release|Any CPU
	EndGlobalSection
	GlobalSection(ProjectConfigurationPlatforms) = postSolution
		{F16B8A87-30AA-4DAE-B422-8167675AE396}.Debug|Any CPU.ActiveCfg = Debug|Any CPU
		{F16B8A87-30AA-4DAE-B422-8167675AE396}.Debug|Any CPU.Build.0 = Debug|Any CPU
		{F16B8A87-30AA-4DAE-B422-8167675AE396}.Release|Any CPU.ActiveCfg = Release|Any CPU
		{F16B8A87-30AA-4DAE-B422-8167675AE396}.Release|Any CPU.Build.0 = Release|Any CPU
	EndGlobalSection
	GlobalSection(SolutionProperties) = preSolution
		HideSolutionNode = FALSE
	EndGlobalSection
	GlobalSection(ExtensibilityGlobals) = postSolution
		SolutionGuid = {70023633-D3C2-493F-A5FB-19ABD6C7BAFE}
	EndGlobalSection
EndGlobal
